
Microsoft Visual Studio Solution File, Format Version 12.00
# Visual Studio Version 17
VisualStudioVersion = 17.4.33110.190
MinimumVisualStudioVersion = 10.0.40219.1
Project("{FAE04EC0-301F-11D3-BF4B-00C04F79EFBC}") = "TrouveMot", "TrouveMot\TrouveMot.csproj", "{6296868C-F41B-4958-8656-EA6187407CAB}"
EndProject
Global
	GlobalSection(SolutionConfigurationPlatforms) = preSolution
		Debug|Any CPU = Debug|Any CPU
		Release|Any CPU = Release|Any CPU
	EndGlobalSection
	GlobalSection(ProjectConfigurationPlatforms) = postSolution
		{6296868C-F41B-4958-8656-EA6187407CAB}.Debug|Any CPU.ActiveCfg = Debug|Any CPU
		{6296868C-F41B-4958-8656-EA6187407CAB}.Debug|Any CPU.Build.0 = Debug|Any CPU
		{6296868C-F41B-4958-8656-EA6187407CAB}.Release|Any CPU.ActiveCfg = Release|Any CPU
		{6296868C-F41B-4958-8656-EA6187407CAB}.Release|Any CPU.Build.0 = Release|Any CPU
	EndGlobalSection
	GlobalSection(SolutionProperties) = preSolution
		HideSolutionNode = FALSE
	EndGlobalSection
	GlobalSection(ExtensibilityGlobals) = postSolution
		SolutionGuid = {10635A11-8F0C-419B-BB2F-1D56BF397739}
	EndGlobalSection
EndGlobal
